
Microsoft Visual Studio Solution File, Format Version 12.00
# Visual Studio Version 17
VisualStudioVersion = 17.13.35931.197
MinimumVisualStudioVersion = 10.0.40219.1
Project("{FAE04EC0-301F-11D3-BF4B-00C04F79EFBC}") = "StreamingDienst", "StreamingDienst\StreamingDienst.csproj", "{4583721F-1886-49DB-B956-3E7831622391}"
EndProject
Project("{FAE04EC0-301F-11D3-BF4B-00C04F79EFBC}") = "StreamingDienst.Tests", "StreamingDienst.Tests\StreamingDienst.Tests.csproj", "{90D99463-3D28-44DD-8580-694B3B179B06}"
EndProject
Project("{FAE04EC0-301F-11D3-BF4B-00C04F79EFBC}") = "StreamingDienst.API", "StreamingDienst.API\StreamingDienst.API.csproj", "{0B5A66AB-4272-45D7-AC95-FFDCA1B7F685}"
EndProject
Project("{FAE04EC0-301F-11D3-BF4B-00C04F79EFBC}") = "StreamingDienst.Shared.Dtos", "Shared\StreamingDienst.Shared.Dtos.csproj", "{50D4F12E-3134-4461-81F8-49CB6E9B9297}"
EndProject
Global
	GlobalSection(SolutionConfigurationPlatforms) = preSolution
		Debug|Any CPU = Debug|Any CPU
		Release|Any CPU = Release|Any CPU
	EndGlobalSection
	GlobalSection(ProjectConfigurationPlatforms) = postSolution
		{4583721F-1886-49DB-B956-3E7831622391}.Debug|Any CPU.ActiveCfg = Debug|Any CPU
		{4583721F-1886-49DB-B956-3E7831622391}.Debug|Any CPU.Build.0 = Debug|Any CPU
		{4583721F-1886-49DB-B956-3E7831622391}.Release|Any CPU.ActiveCfg = Release|Any CPU
		{4583721F-1886-49DB-B956-3E7831622391}.Release|Any CPU.Build.0 = Release|Any CPU
		{90D99463-3D28-44DD-8580-694B3B179B06}.Debug|Any CPU.ActiveCfg = Debug|Any CPU
		{90D99463-3D28-44DD-8580-694B3B179B06}.Debug|Any CPU.Build.0 = Debug|Any CPU
		{90D99463-3D28-44DD-8580-694B3B179B06}.Release|Any CPU.ActiveCfg = Release|Any CPU
		{90D99463-3D28-44DD-8580-694B3B179B06}.Release|Any CPU.Build.0 = Release|Any CPU
		{0B5A66AB-4272-45D7-AC95-FFDCA1B7F685}.Debug|Any CPU.ActiveCfg = Debug|Any CPU
		{0B5A66AB-4272-45D7-AC95-FFDCA1B7F685}.Debug|Any CPU.Build.0 = Debug|Any CPU
		{0B5A66AB-4272-45D7-AC95-FFDCA1B7F685}.Release|Any CPU.ActiveCfg = Release|Any CPU
		{0B5A66AB-4272-45D7-AC95-FFDCA1B7F685}.Release|Any CPU.Build.0 = Release|Any CPU
		{50D4F12E-3134-4461-81F8-49CB6E9B9297}.Debug|Any CPU.ActiveCfg = Debug|Any CPU
		{50D4F12E-3134-4461-81F8-49CB6E9B9297}.Debug|Any CPU.Build.0 = Debug|Any CPU
		{50D4F12E-3134-4461-81F8-49CB6E9B9297}.Release|Any CPU.ActiveCfg = Release|Any CPU
		{50D4F12E-3134-4461-81F8-49CB6E9B9297}.Release|Any CPU.Build.0 = Release|Any CPU
	EndGlobalSection
	GlobalSection(SolutionProperties) = preSolution
		HideSolutionNode = FALSE
	EndGlobalSection
	GlobalSection(ExtensibilityGlobals) = postSolution
		SolutionGuid = {02722473-5491-4F38-B304-B5E2A4B49B24}
	EndGlobalSection
EndGlobal
